
Microsoft Visual Studio Solution File, Format Version 12.00
# Visual Studio Version 16
VisualStudioVersion = 16.0.29025.244
MinimumVisualStudioVersion = 10.0.40219.1
Project("{9A19103F-16F7-4668-BE54-9A1E7A4F7556}") = "Stardust.Aadb2c.AuthenticationFilter", "netCore\Stardust.Aadb2c.AuthenticationFilterNetCore\Stardust.Aadb2c.AuthenticationFilter.csproj", "{BF5851AC-0D0A-4EA8-87C7-D7C4BD0DDB06}"
EndProject
Project("{FAE04EC0-301F-11D3-BF4B-00C04F79EFBC}") = "Stardust.Aadb2c.Swagger", "Stardust.Aadb2c.Swagger\Stardust.Aadb2c.Swagger.csproj", "{FF6318D9-C014-4E02-9DB1-1371D179C477}"
EndProject
Project("{9A19103F-16F7-4668-BE54-9A1E7A4F7556}") = "NetCoreTestWeb", "NetCoreTestWeb\NetCoreTestWeb.csproj", "{EBCF04D9-4EFF-4C53-8429-EF376476B00C}"
EndProject
Project("{9A19103F-16F7-4668-BE54-9A1E7A4F7556}") = "Stardust.Aadb2c.AuthenticationFilter.Core", "Stardust.Aadb2c.AuthenticationFilter.Core\Stardust.Aadb2c.AuthenticationFilter.Core.csproj", "{23C0F1E5-F33D-4C13-AFDE-1107A0595644}"
EndProject
Global
	GlobalSection(SolutionConfigurationPlatforms) = preSolution
		Debug|Any CPU = Debug|Any CPU
		Release|Any CPU = Release|Any CPU
	EndGlobalSection
	GlobalSection(ProjectConfigurationPlatforms) = postSolution
		{BF5851AC-0D0A-4EA8-87C7-D7C4BD0DDB06}.Debug|Any CPU.ActiveCfg = Debug|Any CPU
		{BF5851AC-0D0A-4EA8-87C7-D7C4BD0DDB06}.Debug|Any CPU.Build.0 = Debug|Any CPU
		{BF5851AC-0D0A-4EA8-87C7-D7C4BD0DDB06}.Release|Any CPU.ActiveCfg = Release|Any CPU
		{BF5851AC-0D0A-4EA8-87C7-D7C4BD0DDB06}.Release|Any CPU.Build.0 = Release|Any CPU
		{FF6318D9-C014-4E02-9DB1-1371D179C477}.Debug|Any CPU.ActiveCfg = Debug|Any CPU
		{FF6318D9-C014-4E02-9DB1-1371D179C477}.Debug|Any CPU.Build.0 = Debug|Any CPU
		{FF6318D9-C014-4E02-9DB1-1371D179C477}.Release|Any CPU.ActiveCfg = Release|Any CPU
		{FF6318D9-C014-4E02-9DB1-1371D179C477}.Release|Any CPU.Build.0 = Release|Any CPU
		{EBCF04D9-4EFF-4C53-8429-EF376476B00C}.Debug|Any CPU.ActiveCfg = Debug|Any CPU
		{EBCF04D9-4EFF-4C53-8429-EF376476B00C}.Debug|Any CPU.Build.0 = Debug|Any CPU
		{EBCF04D9-4EFF-4C53-8429-EF376476B00C}.Release|Any CPU.ActiveCfg = Release|Any CPU
		{EBCF04D9-4EFF-4C53-8429-EF376476B00C}.Release|Any CPU.Build.0 = Release|Any CPU
		{23C0F1E5-F33D-4C13-AFDE-1107A0595644}.Debug|Any CPU.ActiveCfg = Debug|Any CPU
		{23C0F1E5-F33D-4C13-AFDE-1107A0595644}.Debug|Any CPU.Build.0 = Debug|Any CPU
		{23C0F1E5-F33D-4C13-AFDE-1107A0595644}.Release|Any CPU.ActiveCfg = Release|Any CPU
		{23C0F1E5-F33D-4C13-AFDE-1107A0595644}.Release|Any CPU.Build.0 = Release|Any CPU
	EndGlobalSection
	GlobalSection(SolutionProperties) = preSolution
		HideSolutionNode = FALSE
	EndGlobalSection
	GlobalSection(ExtensibilityGlobals) = postSolution
		SolutionGuid = {874DBBAD-3B3F-442C-99CD-AD65315715FB}
	EndGlobalSection
EndGlobal
